
Microsoft Visual Studio Solution File, Format Version 12.00
# Visual Studio 15
VisualStudioVersion = 15.0.28307.271
MinimumVisualStudioVersion = 10.0.40219.1
Project("{9A19103F-16F7-4668-BE54-9A1E7A4F7556}") = "UberFamily.Services", "UberFamily.Services\UberFamily.Services.csproj", "{3ED75FB8-87C8-4DAB-81B5-B3FC0A5496EB}"
EndProject
Project("{9A19103F-16F7-4668-BE54-9A1E7A4F7556}") = "UberFamily.Api", "UberFamily.Api\UberFamily.Api.csproj", "{8A7E8CD2-3FAE-49A6-8E6F-5CE1F149B308}"
EndProject
Global
	GlobalSection(SolutionConfigurationPlatforms) = preSolution
		Debug|Any CPU = Debug|Any CPU
		Release|Any CPU = Release|Any CPU
	EndGlobalSection
	GlobalSection(ProjectConfigurationPlatforms) = postSolution
		{3ED75FB8-87C8-4DAB-81B5-B3FC0A5496EB}.Debug|Any CPU.ActiveCfg = Debug|Any CPU
		{3ED75FB8-87C8-4DAB-81B5-B3FC0A5496EB}.Debug|Any CPU.Build.0 = Debug|Any CPU
		{3ED75FB8-87C8-4DAB-81B5-B3FC0A5496EB}.Release|Any CPU.ActiveCfg = Release|Any CPU
		{3ED75FB8-87C8-4DAB-81B5-B3FC0A5496EB}.Release|Any CPU.Build.0 = Release|Any CPU
		{8A7E8CD2-3FAE-49A6-8E6F-5CE1F149B308}.Debug|Any CPU.ActiveCfg = Debug|Any CPU
		{8A7E8CD2-3FAE-49A6-8E6F-5CE1F149B308}.Debug|Any CPU.Build.0 = Debug|Any CPU
		{8A7E8CD2-3FAE-49A6-8E6F-5CE1F149B308}.Release|Any CPU.ActiveCfg = Release|Any CPU
		{8A7E8CD2-3FAE-49A6-8E6F-5CE1F149B308}.Release|Any CPU.Build.0 = Release|Any CPU
	EndGlobalSection
	GlobalSection(SolutionProperties) = preSolution
		HideSolutionNode = FALSE
	EndGlobalSection
	GlobalSection(ExtensibilityGlobals) = postSolution
		SolutionGuid = {77B51C8E-EBA3-47A2-8F34-0562DE3F08BD}
	EndGlobalSection
EndGlobal
